
Microsoft Visual Studio Solution File, Format Version 12.00
# Visual Studio Version 17
VisualStudioVersion = 17.5.33627.172
MinimumVisualStudioVersion = 10.0.40219.1
Project("{FAE04EC0-301F-11D3-BF4B-00C04F79EFBC}") = "Fast Food", "Fast Food\Fast Food.csproj", "{C665B8D5-CBB4-4F9B-A0BA-D0A61901417D}"
EndProject
Global
	GlobalSection(SolutionConfigurationPlatforms) = preSolution
		Debug|Any CPU = Debug|Any CPU
		Release|Any CPU = Release|Any CPU
	EndGlobalSection
	GlobalSection(ProjectConfigurationPlatforms) = postSolution
		{C665B8D5-CBB4-4F9B-A0BA-D0A61901417D}.Debug|Any CPU.ActiveCfg = Debug|Any CPU
		{C665B8D5-CBB4-4F9B-A0BA-D0A61901417D}.Debug|Any CPU.Build.0 = Debug|Any CPU
		{C665B8D5-CBB4-4F9B-A0BA-D0A61901417D}.Release|Any CPU.ActiveCfg = Release|Any CPU
		{C665B8D5-CBB4-4F9B-A0BA-D0A61901417D}.Release|Any CPU.Build.0 = Release|Any CPU
	EndGlobalSection
	GlobalSection(SolutionProperties) = preSolution
		HideSolutionNode = FALSE
	EndGlobalSection
	GlobalSection(ExtensibilityGlobals) = postSolution
		SolutionGuid = {F5896450-2F68-4CE0-A460-0999555072A9}
	EndGlobalSection
EndGlobal
